dependencies:
- name: postgresql
  repository: file://./deps/postgresql
  version: 10.3.5
- name: minio-instance
  repository: oci://registry1.dso.mil/bigbang
  version: 5.0.11-bb.3
- name: gluon
  repository: oci://registry1.dso.mil/bigbang
  version: 0.4.7
digest: sha256:dc0ad40178a918c7638fe4c7e0c25339a0c8442203c8adc20810d743e69ce6da
generated: "2024-01-25T10:09:29.755582124-06:00"
