dependencies:
- name: postgresql
  repository: file://./deps/postgresql
  version: 13.2.27
- name: minio-instance
  repository: oci://registry1.dso.mil/bigbang
  version: 7.1.1-bb.0
- name: gluon
  repository: oci://registry1.dso.mil/bigbang
  version: 0.7.0
digest: sha256:fe23ad04ee14a5f43edfd7b45e37c87da70a8f52e2ae885d94f2e840140cb1ac
generated: "2025-07-19T06:20:33.6446955Z"
