dependencies:
- name: postgresql
  repository: file://./deps/postgresql
  version: 13.2.27
- name: minio-instance
  repository: oci://registry1.dso.mil/bigbang
  version: 7.1.1-bb.0
- name: gluon
  repository: oci://registry1.dso.mil/bigbang
  version: 0.9.3
digest: sha256:327592e310990cf4bd60bcf5b6abb42c479e727c549cd2d639339ef1c6bc21ef
generated: "2025-10-07T06:20:49.42148819Z"
