dependencies:
- name: mysqlha
  repository: https://charts.helm.sh/incubator
  version: 2.0.0
- name: minio
  repository: https://charts.helm.sh/stable
  version: 5.0.26
- name: prometheus
  repository: https://charts.helm.sh/stable
  version: 11.4.0
digest: sha256:1aa8597a5b2d0eb91e398208a5b85887ef46f8146182b6432a3e5c95b15c30bf
generated: "2021-01-04T15:17:12.764123-07:00"
